// !$*UTF8*$!
{
	archiveVersion = 1;
	classes = {
	};
	objectVersion = 56;
	objects = {

/* Begin PBXBuildFile section */
		485C3F432AB2970500F1934D /* SimpleTableViewController.swift in Sources */ = {isa = PBXBuildFile; fileRef = 485C3F422AB2970500F1934D /* SimpleTableViewController.swift */; };
		485C3F452AB2A01900F1934D /* SimpleCollectionViewController.swift in Sources */ = {isa = PBXBuildFile; fileRef = 485C3F442AB2A01900F1934D /* SimpleCollectionViewController.swift */; };
		485C3F482AB2A9DF00F1934D /* SnapKit in Frameworks */ = {isa = PBXBuildFile; productRef = 485C3F472AB2A9DF00F1934D /* SnapKit */; };
		485C3F532AB2E2E700F1934D /* Realm in Frameworks */ = {isa = PBXBuildFile; productRef = 485C3F522AB2E2E700F1934D /* Realm */; };
		485C3F552AB2E2E700F1934D /* RealmSwift in Frameworks */ = {isa = PBXBuildFile; productRef = 485C3F542AB2E2E700F1934D /* RealmSwift */; };
		48C699FF2AAE9910005AD380 /* AppDelegate.swift in Sources */ = {isa = PBXBuildFile; fileRef = 48C699FE2AAE9910005AD380 /* AppDelegate.swift */; };
		48C69A012AAE9910005AD380 /* SceneDelegate.swift in Sources */ = {isa = PBXBuildFile; fileRef = 48C69A002AAE9910005AD380 /* SceneDelegate.swift */; };
		48C69A032AAE9910005AD380 /* ViewController.swift in Sources */ = {isa = PBXBuildFile; fileRef = 48C69A022AAE9910005AD380 /* ViewController.swift */; };
		48C69A062AAE9910005AD380 /* Main.storyboard in Resources */ = {isa = PBXBuildFile; fileRef = 48C69A042AAE9910005AD380 /* Main.storyboard */; };
		48C69A082AAE9914005AD380 /* Assets.xcassets in Resources */ = {isa = PBXBuildFile; fileRef = 48C69A072AAE9914005AD380 /* Assets.xcassets */; };
		48C69A0B2AAE9914005AD380 /* LaunchScreen.storyboard in Resources */ = {isa = PBXBuildFile; fileRef = 48C69A092AAE9914005AD380 /* LaunchScreen.storyboard */; };
		48C69A1B2AAEAE1F005AD380 /* Localizable.strings in Resources */ = {isa = PBXBuildFile; fileRef = 48C69A1D2AAEAE1F005AD380 /* Localizable.strings */; };
		48C69A212AAEBAC0005AD380 /* String+Extension.swift in Sources */ = {isa = PBXBuildFile; fileRef = 48C69A202AAEBAC0005AD380 /* String+Extension.swift */; };
		48C69A242AAEBDD3005AD380 /* InfoPlist.strings in Resources */ = {isa = PBXBuildFile; fileRef = 48C69A262AAEBDD3005AD380 /* InfoPlist.strings */; };
		48EA26BE2AAFF03100839012 /* LoginViewController.swift in Sources */ = {isa = PBXBuildFile; fileRef = 48EA26BD2AAFF03100839012 /* LoginViewController.swift */; };
		48EA26C02AAFF30000839012 /* Observable.swift in Sources */ = {isa = PBXBuildFile; fileRef = 48EA26BF2AAFF30000839012 /* Observable.swift */; };
		48EA26C22AAFFDF700839012 /* SampleViewController.swift in Sources */ = {isa = PBXBuildFile; fileRef = 48EA26C12AAFFDF700839012 /* SampleViewController.swift */; };
		48EA26C42AB0015B00839012 /* SampleViewModel.swift in Sources */ = {isa = PBXBuildFile; fileRef = 48EA26C32AB0015B00839012 /* SampleViewModel.swift */; };
		48EA26C62AB00E4500839012 /* LoginViewModel.swift in Sources */ = {isa = PBXBuildFile; fileRef = 48EA26C52AB00E4500839012 /* LoginViewModel.swift */; };
		48EA26C92AB02A5300839012 /* Photo.swift in Sources */ = {isa = PBXBuildFile; fileRef = 48EA26C82AB02A5300839012 /* Photo.swift */; };
		48EA26CB2AB02A6F00839012 /* PhotoAPIService.swift in Sources */ = {isa = PBXBuildFile; fileRef = 48EA26CA2AB02A6F00839012 /* PhotoAPIService.swift */; };
		48EA26CD2AB02B4F00839012 /* PhotoViewController.swift in Sources */ = {isa = PBXBuildFile; fileRef = 48EA26CC2AB02B4F00839012 /* PhotoViewController.swift */; };
		48EA26CF2AB02DA600839012 /* PhotoViewModel.swift in Sources */ = {isa = PBXBuildFile; fileRef = 48EA26CE2AB02DA600839012 /* PhotoViewModel.swift */; };
		48EA26D22AB139D800839012 /* CaculateViewController.swift in Sources */ = {isa = PBXBuildFile; fileRef = 48EA26D12AB139D800839012 /* CaculateViewController.swift */; };
		48EA26D42AB13AB000839012 /* CalculateViewModel.swift in Sources */ = {isa = PBXBuildFile; fileRef = 48EA26D32AB13AB000839012 /* CalculateViewModel.swift */; };
		48EA26D62AB13DAD00839012 /* MarObservable.swift in Sources */ = {isa = PBXBuildFile; fileRef = 48EA26D52AB13DAD00839012 /* MarObservable.swift */; };
		48EA26D92AB1A0AB00839012 /* LottoAPIManager.swift in Sources */ = {isa = PBXBuildFile; fileRef = 48EA26D82AB1A0AB00839012 /* LottoAPIManager.swift */; };
		48EA26DB2AB1A11C00839012 /* Lotto.swift in Sources */ = {isa = PBXBuildFile; fileRef = 48EA26DA2AB1A11C00839012 /* Lotto.swift */; };
		48EA26DE2AB1A13700839012 /* Alamofire in Frameworks */ = {isa = PBXBuildFile; productRef = 48EA26DD2AB1A13700839012 /* Alamofire */; };
		48EA26E02AB1A20400839012 /* LottoViewController.swift in Sources */ = {isa = PBXBuildFile; fileRef = 48EA26DF2AB1A20400839012 /* LottoViewController.swift */; };
		48EA26E22AB1A60200839012 /* LottoViewModel.swift in Sources */ = {isa = PBXBuildFile; fileRef = 48EA26E12AB1A60200839012 /* LottoViewModel.swift */; };
		48EA26E42AB1A65F00839012 /* LottoObservable.swift in Sources */ = {isa = PBXBuildFile; fileRef = 48EA26E32AB1A65F00839012 /* LottoObservable.swift */; };
/* End PBXBuildFile section */

/* Begin PBXFileReference section */
		485C3F422AB2970500F1934D /* SimpleTableViewController.swift */ = {isa = PBXFileReference; lastKnownFileType = sourcecode.swift; path = SimpleTableViewController.swift; sourceTree = "<group>"; };
		485C3F442AB2A01900F1934D /* SimpleCollectionViewController.swift */ = {isa = PBXFileReference; lastKnownFileType = sourcecode.swift; path = SimpleCollectionViewController.swift; sourceTree = "<group>"; };
		48C699FB2AAE9910005AD380 /* UnsplashProject.app */ = {isa = PBXFileReference; explicitFileType = wrapper.application; includeInIndex = 0; path = UnsplashProject.app; sourceTree = BUILT_PRODUCTS_DIR; };
		48C699FE2AAE9910005AD380 /* AppDelegate.swift */ = {isa = PBXFileReference; lastKnownFileType = sourcecode.swift; path = AppDelegate.swift; sourceTree = "<group>"; };
		48C69A002AAE9910005AD380 /* SceneDelegate.swift */ = {isa = PBXFileReference; lastKnownFileType = sourcecode.swift; path = SceneDelegate.swift; sourceTree = "<group>"; };
		48C69A022AAE9910005AD380 /* ViewController.swift */ = {isa = PBXFileReference; lastKnownFileType = sourcecode.swift; path = ViewController.swift; sourceTree = "<group>"; };
		48C69A052AAE9910005AD380 /* Base */ = {isa = PBXFileReference; lastKnownFileType = file.storyboard; name = Base; path = Base.lproj/Main.storyboard; sourceTree = "<group>"; };
		48C69A072AAE9914005AD380 /* Assets.xcassets */ = {isa = PBXFileReference; lastKnownFileType = folder.assetcatalog; path = Assets.xcassets; sourceTree = "<group>"; };
		48C69A0A2AAE9914005AD380 /* Base */ = {isa = PBXFileReference; lastKnownFileType = file.storyboard; name = Base; path = Base.lproj/LaunchScreen.storyboard; sourceTree = "<group>"; };
		48C69A0C2AAE9914005AD380 /* Info.plist */ = {isa = PBXFileReference; lastKnownFileType = text.plist.xml; path = Info.plist; sourceTree = "<group>"; };
		48C69A122AAE9CB1005AD380 /* ko */ = {isa = PBXFileReference; lastKnownFileType = text.plist.strings; name = ko; path = ko.lproj/Main.strings; sourceTree = "<group>"; };
		48C69A132AAE9CB2005AD380 /* ko */ = {isa = PBXFileReference; lastKnownFileType = text.plist.strings; name = ko; path = ko.lproj/LaunchScreen.strings; sourceTree = "<group>"; };
		48C69A142AAE9CBD005AD380 /* es */ = {isa = PBXFileReference; lastKnownFileType = text.plist.strings; name = es; path = es.lproj/Main.strings; sourceTree = "<group>"; };
		48C69A152AAE9CBD005AD380 /* es */ = {isa = PBXFileReference; lastKnownFileType = text.plist.strings; name = es; path = es.lproj/LaunchScreen.strings; sourceTree = "<group>"; };
		48C69A182AAE9E98005AD380 /* en */ = {isa = PBXFileReference; lastKnownFileType = text.plist.strings; name = en; path = en.lproj/Main.strings; sourceTree = "<group>"; };
		48C69A1C2AAEAE1F005AD380 /* en */ = {isa = PBXFileReference; lastKnownFileType = text.plist.strings; name = en; path = en.lproj/Localizable.strings; sourceTree = "<group>"; };
		48C69A1E2AAEAE25005AD380 /* ko */ = {isa = PBXFileReference; lastKnownFileType = text.plist.strings; name = ko; path = ko.lproj/Localizable.strings; sourceTree = "<group>"; };
		48C69A1F2AAEAE27005AD380 /* es */ = {isa = PBXFileReference; lastKnownFileType = text.plist.strings; name = es; path = es.lproj/Localizable.strings; sourceTree = "<group>"; };
		48C69A202AAEBAC0005AD380 /* String+Extension.swift */ = {isa = PBXFileReference; lastKnownFileType = sourcecode.swift; path = "String+Extension.swift"; sourceTree = "<group>"; };
		48C69A252AAEBDD3005AD380 /* en */ = {isa = PBXFileReference; lastKnownFileType = text.plist.strings; name = en; path = en.lproj/InfoPlist.strings; sourceTree = "<group>"; };
		48C69A272AAEBDD5005AD380 /* ko */ = {isa = PBXFileReference; lastKnownFileType = text.plist.strings; name = ko; path = ko.lproj/InfoPlist.strings; sourceTree = "<group>"; };
		48C69A282AAEBDD5005AD380 /* es */ = {isa = PBXFileReference; lastKnownFileType = text.plist.strings; name = es; path = es.lproj/InfoPlist.strings; sourceTree = "<group>"; };
		48EA26BD2AAFF03100839012 /* LoginViewController.swift */ = {isa = PBXFileReference; lastKnownFileType = sourcecode.swift; path = LoginViewController.swift; sourceTree = "<group>"; };
		48EA26BF2AAFF30000839012 /* Observable.swift */ = {isa = PBXFileReference; lastKnownFileType = sourcecode.swift; path = Observable.swift; sourceTree = "<group>"; };
		48EA26C12AAFFDF700839012 /* SampleViewController.swift */ = {isa = PBXFileReference; lastKnownFileType = sourcecode.swift; path = SampleViewController.swift; sourceTree = "<group>"; };
		48EA26C32AB0015B00839012 /* SampleViewModel.swift */ = {isa = PBXFileReference; lastKnownFileType = sourcecode.swift; path = SampleViewModel.swift; sourceTree = "<group>"; };
		48EA26C52AB00E4500839012 /* LoginViewModel.swift */ = {isa = PBXFileReference; lastKnownFileType = sourcecode.swift; path = LoginViewModel.swift; sourceTree = "<group>"; };
		48EA26C82AB02A5300839012 /* Photo.swift */ = {isa = PBXFileReference; lastKnownFileType = sourcecode.swift; path = Photo.swift; sourceTree = "<group>"; };
		48EA26CA2AB02A6F00839012 /* PhotoAPIService.swift */ = {isa = PBXFileReference; lastKnownFileType = sourcecode.swift; path = PhotoAPIService.swift; sourceTree = "<group>"; };
		48EA26CC2AB02B4F00839012 /* PhotoViewController.swift */ = {isa = PBXFileReference; lastKnownFileType = sourcecode.swift; path = PhotoViewController.swift; sourceTree = "<group>"; };
		48EA26CE2AB02DA600839012 /* PhotoViewModel.swift */ = {isa = PBXFileReference; lastKnownFileType = sourcecode.swift; path = PhotoViewModel.swift; sourceTree = "<group>"; };
		48EA26D12AB139D800839012 /* CaculateViewController.swift */ = {isa = PBXFileReference; lastKnownFileType = sourcecode.swift; path = CaculateViewController.swift; sourceTree = "<group>"; };
		48EA26D32AB13AB000839012 /* CalculateViewModel.swift */ = {isa = PBXFileReference; lastKnownFileType = sourcecode.swift; path = CalculateViewModel.swift; sourceTree = "<group>"; };
		48EA26D52AB13DAD00839012 /* MarObservable.swift */ = {isa = PBXFileReference; lastKnownFileType = sourcecode.swift; path = MarObservable.swift; sourceTree = "<group>"; };
		48EA26D82AB1A0AB00839012 /* LottoAPIManager.swift */ = {isa = PBXFileReference; lastKnownFileType = sourcecode.swift; path = LottoAPIManager.swift; sourceTree = "<group>"; };
		48EA26DA2AB1A11C00839012 /* Lotto.swift */ = {isa = PBXFileReference; lastKnownFileType = sourcecode.swift; path = Lotto.swift; sourceTree = "<group>"; };
		48EA26DF2AB1A20400839012 /* LottoViewController.swift */ = {isa = PBXFileReference; lastKnownFileType = sourcecode.swift; path = LottoViewController.swift; sourceTree = "<group>"; };
		48EA26E12AB1A60200839012 /* LottoViewModel.swift */ = {isa = PBXFileReference; lastKnownFileType = sourcecode.swift; path = LottoViewModel.swift; sourceTree = "<group>"; };
		48EA26E32AB1A65F00839012 /* LottoObservable.swift */ = {isa = PBXFileReference; lastKnownFileType = sourcecode.swift; path = LottoObservable.swift; sourceTree = "<group>"; };
/* End PBXFileReference section */

/* Begin PBXFrameworksBuildPhase section */
		48C699F82AAE9910005AD380 /* Frameworks */ = {
			isa = PBXFrameworksBuildPhase;
			buildActionMask = 2147483647;
			files = (
				485C3F552AB2E2E700F1934D /* RealmSwift in Frameworks */,
				485C3F532AB2E2E700F1934D /* Realm in Frameworks */,
				48EA26DE2AB1A13700839012 /* Alamofire in Frameworks */,
				485C3F482AB2A9DF00F1934D /* SnapKit in Frameworks */,
			);
			runOnlyForDeploymentPostprocessing = 0;
		};
/* End PBXFrameworksBuildPhase section */

/* Begin PBXGroup section */
		485C3F412AB296DE00F1934D /* New */ = {
			isa = PBXGroup;
			children = (
				485C3F422AB2970500F1934D /* SimpleTableViewController.swift */,
				485C3F442AB2A01900F1934D /* SimpleCollectionViewController.swift */,
			);
			path = New;
			sourceTree = "<group>";
		};
		48C699F22AAE9910005AD380 = {
			isa = PBXGroup;
			children = (
				48C699FD2AAE9910005AD380 /* UnsplashProject */,
				48C699FC2AAE9910005AD380 /* Products */,
			);
			sourceTree = "<group>";
		};
		48C699FC2AAE9910005AD380 /* Products */ = {
			isa = PBXGroup;
			children = (
				48C699FB2AAE9910005AD380 /* UnsplashProject.app */,
			);
			name = Products;
			sourceTree = "<group>";
		};
		48C699FD2AAE9910005AD380 /* UnsplashProject */ = {
			isa = PBXGroup;
			children = (
				485C3F412AB296DE00F1934D /* New */,
				48EA26D72AB1A09A00839012 /* Lotto */,
				48EA26D02AB139BA00839012 /* Calculate */,
				48EA26C72AB02A3F00839012 /* Photo */,
				48EA26BC2AAFF01900839012 /* Login */,
				48C699FE2AAE9910005AD380 /* AppDelegate.swift */,
				48C69A002AAE9910005AD380 /* SceneDelegate.swift */,
				48C69A022AAE9910005AD380 /* ViewController.swift */,
				48C69A042AAE9910005AD380 /* Main.storyboard */,
				48C69A072AAE9914005AD380 /* Assets.xcassets */,
				48C69A092AAE9914005AD380 /* LaunchScreen.storyboard */,
				48C69A0C2AAE9914005AD380 /* Info.plist */,
				48C69A1D2AAEAE1F005AD380 /* Localizable.strings */,
				48C69A202AAEBAC0005AD380 /* String+Extension.swift */,
				48C69A262AAEBDD3005AD380 /* InfoPlist.strings */,
			);
			path = UnsplashProject;
			sourceTree = "<group>";
		};
		48EA26BC2AAFF01900839012 /* Login */ = {
			isa = PBXGroup;
			children = (
				48EA26BF2AAFF30000839012 /* Observable.swift */,
				48EA26BD2AAFF03100839012 /* LoginViewController.swift */,
				48EA26C12AAFFDF700839012 /* SampleViewController.swift */,
				48EA26C32AB0015B00839012 /* SampleViewModel.swift */,
				48EA26C52AB00E4500839012 /* LoginViewModel.swift */,
			);
			path = Login;
			sourceTree = "<group>";
		};
		48EA26C72AB02A3F00839012 /* Photo */ = {
			isa = PBXGroup;
			children = (
				48EA26C82AB02A5300839012 /* Photo.swift */,
				48EA26CA2AB02A6F00839012 /* PhotoAPIService.swift */,
				48EA26CC2AB02B4F00839012 /* PhotoViewController.swift */,
				48EA26CE2AB02DA600839012 /* PhotoViewModel.swift */,
			);
			path = Photo;
			sourceTree = "<group>";
		};
		48EA26D02AB139BA00839012 /* Calculate */ = {
			isa = PBXGroup;
			children = (
				48EA26D12AB139D800839012 /* CaculateViewController.swift */,
				48EA26D32AB13AB000839012 /* CalculateViewModel.swift */,
				48EA26D52AB13DAD00839012 /* MarObservable.swift */,
			);
			path = Calculate;
			sourceTree = "<group>";
		};
		48EA26D72AB1A09A00839012 /* Lotto */ = {
			isa = PBXGroup;
			children = (
				48EA26D82AB1A0AB00839012 /* LottoAPIManager.swift */,
				48EA26DA2AB1A11C00839012 /* Lotto.swift */,
				48EA26DF2AB1A20400839012 /* LottoViewController.swift */,
				48EA26E12AB1A60200839012 /* LottoViewModel.swift */,
				48EA26E32AB1A65F00839012 /* LottoObservable.swift */,
			);
			path = Lotto;
			sourceTree = "<group>";
		};
/* End PBXGroup section */

/* Begin PBXNativeTarget section */
		48C699FA2AAE9910005AD380 /* UnsplashProject */ = {
			isa = PBXNativeTarget;
			buildConfigurationList = 48C69A0F2AAE9914005AD380 /* Build configuration list for PBXNativeTarget "UnsplashProject" */;
			buildPhases = (
				48C699F72AAE9910005AD380 /* Sources */,
				48C699F82AAE9910005AD380 /* Frameworks */,
				48C699F92AAE9910005AD380 /* Resources */,
			);
			buildRules = (
			);
			dependencies = (
			);
			name = UnsplashProject;
			packageProductDependencies = (
				48EA26DD2AB1A13700839012 /* Alamofire */,
				485C3F472AB2A9DF00F1934D /* SnapKit */,
				485C3F522AB2E2E700F1934D /* Realm */,
				485C3F542AB2E2E700F1934D /* RealmSwift */,
			);
			productName = UnsplashProject;
			productReference = 48C699FB2AAE9910005AD380 /* UnsplashProject.app */;
			productType = "com.apple.product-type.application";
		};
/* End PBXNativeTarget section */

/* Begin PBXProject section */
		48C699F32AAE9910005AD380 /* Project object */ = {
			isa = PBXProject;
			attributes = {
				BuildIndependentTargetsInParallel = 1;
				LastSwiftUpdateCheck = 1420;
				LastUpgradeCheck = 1420;
				TargetAttributes = {
					48C699FA2AAE9910005AD380 = {
						CreatedOnToolsVersion = 14.2;
					};
				};
			};
			buildConfigurationList = 48C699F62AAE9910005AD380 /* Build configuration list for PBXProject "UnsplashProject" */;
			compatibilityVersion = "Xcode 14.0";
			developmentRegion = en;
			hasScannedForEncodings = 0;
			knownRegions = (
				en,
				Base,
				ko,
				es,
			);
			mainGroup = 48C699F22AAE9910005AD380;
			packageReferences = (
				48EA26DC2AB1A13700839012 /* XCRemoteSwiftPackageReference "Alamofire" */,
				485C3F462AB2A9DF00F1934D /* XCRemoteSwiftPackageReference "SnapKit" */,
				485C3F512AB2E2E700F1934D /* XCRemoteSwiftPackageReference "realm-swift" */,
			);
			productRefGroup = 48C699FC2AAE9910005AD380 /* Products */;
			projectDirPath = "";
			projectRoot = "";
			targets = (
				48C699FA2AAE9910005AD380 /* UnsplashProject */,
			);
		};
/* End PBXProject section */

/* Begin PBXResourcesBuildPhase section */
		48C699F92AAE9910005AD380 /* Resources */ = {
			isa = PBXResourcesBuildPhase;
			buildActionMask = 2147483647;
			files = (
				48C69A0B2AAE9914005AD380 /* LaunchScreen.storyboard in Resources */,
				48C69A1B2AAEAE1F005AD380 /* Localizable.strings in Resources */,
				48C69A082AAE9914005AD380 /* Assets.xcassets in Resources */,
				48C69A062AAE9910005AD380 /* Main.storyboard in Resources */,
				48C69A242AAEBDD3005AD380 /* InfoPlist.strings in Resources */,
			);
			runOnlyForDeploymentPostprocessing = 0;
		};
/* End PBXResourcesBuildPhase section */

/* Begin PBXSourcesBuildPhase section */
		48C699F72AAE9910005AD380 /* Sources */ = {
			isa = PBXSourcesBuildPhase;
			buildActionMask = 2147483647;
			files = (
				48EA26DB2AB1A11C00839012 /* Lotto.swift in Sources */,
				48C69A212AAEBAC0005AD380 /* String+Extension.swift in Sources */,
				48C69A032AAE9910005AD380 /* ViewController.swift in Sources */,
				48C699FF2AAE9910005AD380 /* AppDelegate.swift in Sources */,
				48EA26D62AB13DAD00839012 /* MarObservable.swift in Sources */,
				48EA26E22AB1A60200839012 /* LottoViewModel.swift in Sources */,
				48EA26BE2AAFF03100839012 /* LoginViewController.swift in Sources */,
				48EA26CB2AB02A6F00839012 /* PhotoAPIService.swift in Sources */,
				48EA26E02AB1A20400839012 /* LottoViewController.swift in Sources */,
				48EA26CD2AB02B4F00839012 /* PhotoViewController.swift in Sources */,
				485C3F452AB2A01900F1934D /* SimpleCollectionViewController.swift in Sources */,
				48EA26D22AB139D800839012 /* CaculateViewController.swift in Sources */,
				48EA26E42AB1A65F00839012 /* LottoObservable.swift in Sources */,
				48EA26D42AB13AB000839012 /* CalculateViewModel.swift in Sources */,
				485C3F432AB2970500F1934D /* SimpleTableViewController.swift in Sources */,
				48EA26C92AB02A5300839012 /* Photo.swift in Sources */,
				48EA26D92AB1A0AB00839012 /* LottoAPIManager.swift in Sources */,
				48EA26C02AAFF30000839012 /* Observable.swift in Sources */,
				48C69A012AAE9910005AD380 /* SceneDelegate.swift in Sources */,
				48EA26C42AB0015B00839012 /* SampleViewModel.swift in Sources */,
				48EA26CF2AB02DA600839012 /* PhotoViewModel.swift in Sources */,
				48EA26C22AAFFDF700839012 /* SampleViewController.swift in Sources */,
				48EA26C62AB00E4500839012 /* LoginViewModel.swift in Sources */,
			);
			runOnlyForDeploymentPostprocessing = 0;
		};
/* End PBXSourcesBuildPhase section */

/* Begin PBXVariantGroup section */
		48C69A042AAE9910005AD380 /* Main.storyboard */ = {
			isa = PBXVariantGroup;
			children = (
				48C69A052AAE9910005AD380 /* Base */,
				48C69A122AAE9CB1005AD380 /* ko */,
				48C69A142AAE9CBD005AD380 /* es */,
				48C69A182AAE9E98005AD380 /* en */,
			);
			name = Main.storyboard;
			sourceTree = "<group>";
		};
		48C69A092AAE9914005AD380 /* LaunchScreen.storyboard */ = {
			isa = PBXVariantGroup;
			children = (
				48C69A0A2AAE9914005AD380 /* Base */,
				48C69A132AAE9CB2005AD380 /* ko */,
				48C69A152AAE9CBD005AD380 /* es */,
			);
			name = LaunchScreen.storyboard;
			sourceTree = "<group>";
		};
		48C69A1D2AAEAE1F005AD380 /* Localizable.strings */ = {
			isa = PBXVariantGroup;
			children = (
				48C69A1C2AAEAE1F005AD380 /* en */,
				48C69A1E2AAEAE25005AD380 /* ko */,
				48C69A1F2AAEAE27005AD380 /* es */,
			);
			name = Localizable.strings;
			sourceTree = "<group>";
		};
		48C69A262AAEBDD3005AD380 /* InfoPlist.strings */ = {
			isa = PBXVariantGroup;
			children = (
				48C69A252AAEBDD3005AD380 /* en */,
				48C69A272AAEBDD5005AD380 /* ko */,
				48C69A282AAEBDD5005AD380 /* es */,
			);
			name = InfoPlist.strings;
			sourceTree = "<group>";
		};
/* End PBXVariantGroup section */

/* Begin XCBuildConfiguration section */
		48C69A0D2AAE9914005AD380 /* Debug */ = {
			isa = XCBuildConfiguration;
			buildSettings = {
				ALWAYS_SEARCH_USER_PATHS = NO;
				CLANG_ANALYZER_LOCALIZABILITY_NONLOCALIZED = YES;
				CLANG_ANALYZER_NONNULL = YES;
				CLANG_ANALYZER_NUMBER_OBJECT_CONVERSION = YES_AGGRESSIVE;
				CLANG_CXX_LANGUAGE_STANDARD = "gnu++20";
				CLANG_ENABLE_MODULES = YES;
				CLANG_ENABLE_OBJC_ARC = YES;
				CLANG_ENABLE_OBJC_WEAK = YES;
				CLANG_WARN_BLOCK_CAPTURE_AUTORELEASING = YES;
				CLANG_WARN_BOOL_CONVERSION = YES;
				CLANG_WARN_COMMA = YES;
				CLANG_WARN_CONSTANT_CONVERSION = YES;
				CLANG_WARN_DEPRECATED_OBJC_IMPLEMENTATIONS = YES;
				CLANG_WARN_DIRECT_OBJC_ISA_USAGE = YES_ERROR;
				CLANG_WARN_DOCUMENTATION_COMMENTS = YES;
				CLANG_WARN_EMPTY_BODY = YES;
				CLANG_WARN_ENUM_CONVERSION = YES;
				CLANG_WARN_INFINITE_RECURSION = YES;
				CLANG_WARN_INT_CONVERSION = YES;
				CLANG_WARN_NON_LITERAL_NULL_CONVERSION = YES;
				CLANG_WARN_OBJC_IMPLICIT_RETAIN_SELF = YES;
				CLANG_WARN_OBJC_LITERAL_CONVERSION = YES;
				CLANG_WARN_OBJC_ROOT_CLASS = YES_ERROR;
				CLANG_WARN_QUOTED_INCLUDE_IN_FRAMEWORK_HEADER = YES;
				CLANG_WARN_RANGE_LOOP_ANALYSIS = YES;
				CLANG_WARN_STRICT_PROTOTYPES = YES;
				CLANG_WARN_SUSPICIOUS_MOVE = YES;
				CLANG_WARN_UNGUARDED_AVAILABILITY = YES_AGGRESSIVE;
				CLANG_WARN_UNREACHABLE_CODE = YES;
				CLANG_WARN__DUPLICATE_METHOD_MATCH = YES;
				COPY_PHASE_STRIP = NO;
				DEBUG_INFORMATION_FORMAT = dwarf;
				ENABLE_STRICT_OBJC_MSGSEND = YES;
				ENABLE_TESTABILITY = YES;
				GCC_C_LANGUAGE_STANDARD = gnu11;
				GCC_DYNAMIC_NO_PIC = NO;
				GCC_NO_COMMON_BLOCKS = YES;
				GCC_OPTIMIZATION_LEVEL = 0;
				GCC_PREPROCESSOR_DEFINITIONS = (
					"DEBUG=1",
					"$(inherited)",
				);
				GCC_WARN_64_TO_32_BIT_CONVERSION = YES;
				GCC_WARN_ABOUT_RETURN_TYPE = YES_ERROR;
				GCC_WARN_UNDECLARED_SELECTOR = YES;
				GCC_WARN_UNINITIALIZED_AUTOS = YES_AGGRESSIVE;
				GCC_WARN_UNUSED_FUNCTION = YES;
				GCC_WARN_UNUSED_VARIABLE = YES;
				IPHONEOS_DEPLOYMENT_TARGET = 16.2;
				MTL_ENABLE_DEBUG_INFO = INCLUDE_SOURCE;
				MTL_FAST_MATH = YES;
				ONLY_ACTIVE_ARCH = YES;
				SDKROOT = iphoneos;
				SWIFT_ACTIVE_COMPILATION_CONDITIONS = DEBUG;
				SWIFT_OPTIMIZATION_LEVEL = "-Onone";
			};
			name = Debug;
		};
		48C69A0E2AAE9914005AD380 /* Release */ = {
			isa = XCBuildConfiguration;
			buildSettings = {
				ALWAYS_SEARCH_USER_PATHS = NO;
				CLANG_ANALYZER_LOCALIZABILITY_NONLOCALIZED = YES;
				CLANG_ANALYZER_NONNULL = YES;
				CLANG_ANALYZER_NUMBER_OBJECT_CONVERSION = YES_AGGRESSIVE;
				CLANG_CXX_LANGUAGE_STANDARD = "gnu++20";
				CLANG_ENABLE_MODULES = YES;
				CLANG_ENABLE_OBJC_ARC = YES;
				CLANG_ENABLE_OBJC_WEAK = YES;
				CLANG_WARN_BLOCK_CAPTURE_AUTORELEASING = YES;
				CLANG_WARN_BOOL_CONVERSION = YES;
				CLANG_WARN_COMMA = YES;
				CLANG_WARN_CONSTANT_CONVERSION = YES;
				CLANG_WARN_DEPRECATED_OBJC_IMPLEMENTATIONS = YES;
				CLANG_WARN_DIRECT_OBJC_ISA_USAGE = YES_ERROR;
				CLANG_WARN_DOCUMENTATION_COMMENTS = YES;
				CLANG_WARN_EMPTY_BODY = YES;
				CLANG_WARN_ENUM_CONVERSION = YES;
				CLANG_WARN_INFINITE_RECURSION = YES;
				CLANG_WARN_INT_CONVERSION = YES;
				CLANG_WARN_NON_LITERAL_NULL_CONVERSION = YES;
				CLANG_WARN_OBJC_IMPLICIT_RETAIN_SELF = YES;
				CLANG_WARN_OBJC_LITERAL_CONVERSION = YES;
				CLANG_WARN_OBJC_ROOT_CLASS = YES_ERROR;
				CLANG_WARN_QUOTED_INCLUDE_IN_FRAMEWORK_HEADER = YES;
				CLANG_WARN_RANGE_LOOP_ANALYSIS = YES;
				CLANG_WARN_STRICT_PROTOTYPES = YES;
				CLANG_WARN_SUSPICIOUS_MOVE = YES;
				CLANG_WARN_UNGUARDED_AVAILABILITY = YES_AGGRESSIVE;
				CLANG_WARN_UNREACHABLE_CODE = YES;
				CLANG_WARN__DUPLICATE_METHOD_MATCH = YES;
				COPY_PHASE_STRIP = NO;
				DEBUG_INFORMATION_FORMAT = "dwarf-with-dsym";
				ENABLE_NS_ASSERTIONS = NO;
				ENABLE_STRICT_OBJC_MSGSEND = YES;
				GCC_C_LANGUAGE_STANDARD = gnu11;
				GCC_NO_COMMON_BLOCKS = YES;
				GCC_WARN_64_TO_32_BIT_CONVERSION = YES;
				GCC_WARN_ABOUT_RETURN_TYPE = YES_ERROR;
				GCC_WARN_UNDECLARED_SELECTOR = YES;
				GCC_WARN_UNINITIALIZED_AUTOS = YES_AGGRESSIVE;
				GCC_WARN_UNUSED_FUNCTION = YES;
				GCC_WARN_UNUSED_VARIABLE = YES;
				IPHONEOS_DEPLOYMENT_TARGET = 16.2;
				MTL_ENABLE_DEBUG_INFO = NO;
				MTL_FAST_MATH = YES;
				SDKROOT = iphoneos;
				SWIFT_COMPILATION_MODE = wholemodule;
				SWIFT_OPTIMIZATION_LEVEL = "-O";
				VALIDATE_PRODUCT = YES;
			};
			name = Release;
		};
		48C69A102AAE9914005AD380 /* Debug */ = {
			isa = XCBuildConfiguration;
			buildSettings = {
				ASSETCATALOG_COMPILER_APPICON_NAME = AppIcon;
				ASSETCATALOG_COMPILER_GLOBAL_ACCENT_COLOR_NAME = AccentColor;
				CODE_SIGN_STYLE = Automatic;
				CURRENT_PROJECT_VERSION = 1;
				DEVELOPMENT_TEAM = A8NKCBCXX2;
				GENERATE_INFOPLIST_FILE = YES;
				INFOPLIST_FILE = UnsplashProject/Info.plist;
				INFOPLIST_KEY_UIApplicationSupportsIndirectInputEvents = YES;
				INFOPLIST_KEY_UILaunchStoryboardName = LaunchScreen;
				INFOPLIST_KEY_UIMainStoryboardFile = Main;
				INFOPLIST_KEY_UISupportedInterfaceOrientations_iPad = "UIInterfaceOrientationPortrait UIInterfaceOrientationPortraitUpsideDown UIInterfaceOrientationLandscapeLeft UIInterfaceOrientationLandscapeRight";
				INFOPLIST_KEY_UISupportedInterfaceOrientations_iPhone = "UIInterfaceOrientationPortrait UIInterfaceOrientationLandscapeLeft UIInterfaceOrientationLandscapeRight";
				LD_RUNPATH_SEARCH_PATHS = (
					"$(inherited)",
					"@executable_path/Frameworks",
				);
				MARKETING_VERSION = 1.0;
				PRODUCT_BUNDLE_IDENTIFIER = com.sesac.yeonu.UnsplashProject;
				PRODUCT_NAME = "$(TARGET_NAME)";
				SWIFT_EMIT_LOC_STRINGS = YES;
				SWIFT_VERSION = 5.0;
				TARGETED_DEVICE_FAMILY = "1,2";
			};
			name = Debug;
		};
		48C69A112AAE9914005AD380 /* Release */ = {
			isa = XCBuildConfiguration;
			buildSettings = {
				ASSETCATALOG_COMPILER_APPICON_NAME = AppIcon;
				ASSETCATALOG_COMPILER_GLOBAL_ACCENT_COLOR_NAME = AccentColor;
				CODE_SIGN_STYLE = Automatic;
				CURRENT_PROJECT_VERSION = 1;
				DEVELOPMENT_TEAM = A8NKCBCXX2;
				GENERATE_INFOPLIST_FILE = YES;
				INFOPLIST_FILE = UnsplashProject/Info.plist;
				INFOPLIST_KEY_UIApplicationSupportsIndirectInputEvents = YES;
				INFOPLIST_KEY_UILaunchStoryboardName = LaunchScreen;
				INFOPLIST_KEY_UIMainStoryboardFile = Main;
				INFOPLIST_KEY_UISupportedInterfaceOrientations_iPad = "UIInterfaceOrientationPortrait UIInterfaceOrientationPortraitUpsideDown UIInterfaceOrientationLandscapeLeft UIInterfaceOrientationLandscapeRight";
				INFOPLIST_KEY_UISupportedInterfaceOrientations_iPhone = "UIInterfaceOrientationPortrait UIInterfaceOrientationLandscapeLeft UIInterfaceOrientationLandscapeRight";
				LD_RUNPATH_SEARCH_PATHS = (
					"$(inherited)",
					"@executable_path/Frameworks",
				);
				MARKETING_VERSION = 1.0;
				PRODUCT_BUNDLE_IDENTIFIER = com.sesac.yeonu.UnsplashProject;
				PRODUCT_NAME = "$(TARGET_NAME)";
				SWIFT_EMIT_LOC_STRINGS = YES;
				SWIFT_VERSION = 5.0;
				TARGETED_DEVICE_FAMILY = "1,2";
			};
			name = Release;
		};
/* End XCBuildConfiguration section */

/* Begin XCConfigurationList section */
		48C699F62AAE9910005AD380 /* Build configuration list for PBXProject "UnsplashProject" */ = {
			isa = XCConfigurationList;
			buildConfigurations = (
				48C69A0D2AAE9914005AD380 /* Debug */,
				48C69A0E2AAE9914005AD380 /* Release */,
			);
			defaultConfigurationIsVisible = 0;
			defaultConfigurationName = Release;
		};
		48C69A0F2AAE9914005AD380 /* Build configuration list for PBXNativeTarget "UnsplashProject" */ = {
			isa = XCConfigurationList;
			buildConfigurations = (
				48C69A102AAE9914005AD380 /* Debug */,
				48C69A112AAE9914005AD380 /* Release */,
			);
			defaultConfigurationIsVisible = 0;
			defaultConfigurationName = Release;
		};
/* End XCConfigurationList section */

/* Begin XCRemoteSwiftPackageReference section */
		485C3F462AB2A9DF00F1934D /* XCRemoteSwiftPackageReference "SnapKit" */ = {
			isa = XCRemoteSwiftPackageReference;
			repositoryURL = "https://github.com/SnapKit/SnapKit.git";
			requirement = {
				kind = upToNextMajorVersion;
				minimumVersion = 5.0.0;
			};
		};
		485C3F512AB2E2E700F1934D /* XCRemoteSwiftPackageReference "realm-swift" */ = {
			isa = XCRemoteSwiftPackageReference;
			repositoryURL = "https://github.com/realm/realm-swift.git";
			requirement = {
				branch = master;
				kind = branch;
			};
		};
		48EA26DC2AB1A13700839012 /* XCRemoteSwiftPackageReference "Alamofire" */ = {
			isa = XCRemoteSwiftPackageReference;
			repositoryURL = "https://github.com/Alamofire/Alamofire";
			requirement = {
				branch = master;
				kind = branch;
			};
		};
/* End XCRemoteSwiftPackageReference section */

/* Begin XCSwiftPackageProductDependency section */
		485C3F472AB2A9DF00F1934D /* SnapKit */ = {
			isa = XCSwiftPackageProductDependency;
			package = 485C3F462AB2A9DF00F1934D /* XCRemoteSwiftPackageReference "SnapKit" */;
			productName = SnapKit;
		};
		485C3F522AB2E2E700F1934D /* Realm */ = {
			isa = XCSwiftPackageProductDependency;
			package = 485C3F512AB2E2E700F1934D /* XCRemoteSwiftPackageReference "realm-swift" */;
			productName = Realm;
		};
		485C3F542AB2E2E700F1934D /* RealmSwift */ = {
			isa = XCSwiftPackageProductDependency;
			package = 485C3F512AB2E2E700F1934D /* XCRemoteSwiftPackageReference "realm-swift" */;
			productName = RealmSwift;
		};
		48EA26DD2AB1A13700839012 /* Alamofire */ = {
			isa = XCSwiftPackageProductDependency;
			package = 48EA26DC2AB1A13700839012 /* XCRemoteSwiftPackageReference "Alamofire" */;
			productName = Alamofire;
		};
/* End XCSwiftPackageProductDependency section */
	};
	rootObject = 48C699F32AAE9910005AD380 /* Project object */;
}
